# @generated - this file is auto-generated by `mise lock` https://mise.jdx.dev/dev-tools/mise-lock.html

lockfile_version = 3

[conda-packages.linux-arm64."_openmp_mutex-4.5-20_gnu"]
url = "https://conda.anaconda.org/conda-forge/linux-aarch64/_openmp_mutex-4.5-20_gnu.conda"
checksum = "sha256:a2527b1d81792a0ccd2c05850960df119c2b6d8f5fdec97f2db7d25dc23b1068"

[conda-packages.linux-arm64."libfdt-1.7.2-h80f16a2_6"]
url = "https://conda.anaconda.org/conda-forge/linux-aarch64/libfdt-1.7.2-h80f16a2_6.conda"
checksum = "sha256:4bb32c46c3f9e3a5bcfa8dde108a21b69eff38bb9b21babf32d9057cd8768dca"

[conda-packages.linux-arm64."libgcc-16.2.0-h205dda4_7"]
url = "https://conda.anaconda.org/conda-forge/linux-aarch64/libgcc-16.2.0-h205dda4_7.conda"
checksum = "sha256:eae7a3449d5a3b5351c5427137c076cc3fc826645c7bfc42dc10772b783826f1"

[conda-packages.linux-arm64."libgomp-16.2.0-h8acb6b2_7"]
url = "https://conda.anaconda.org/conda-forge/linux-aarch64/libgomp-16.2.0-h8acb6b2_7.conda"
checksum = "sha256:4406fd67c5beeb99b9372f9bf07aa3e40ca141e337eceebac3ff64aa72799494"

[conda-packages.linux-arm64."yaml-0.2.5-h29ee22c_3"]
url = "https://conda.anaconda.org/conda-forge/linux-aarch64/yaml-0.2.5-h29ee22c_3.conda"
checksum = "sha256:97e0fbe447c8f8bb1789047f37448062ebecda29bd264fcdf6129b8d08f174c9"

[conda-packages.linux-arm64-musl."_openmp_mutex-4.5-20_gnu"]
url = "https://conda.anaconda.org/conda-forge/linux-aarch64/_openmp_mutex-4.5-20_gnu.conda"
checksum = "sha256:a2527b1d81792a0ccd2c05850960df119c2b6d8f5fdec97f2db7d25dc23b1068"

[conda-packages.linux-arm64-musl."libfdt-1.7.2-h80f16a2_6"]
url = "https://conda.anaconda.org/conda-forge/linux-aarch64/libfdt-1.7.2-h80f16a2_6.conda"
checksum = "sha256:4bb32c46c3f9e3a5bcfa8dde108a21b69eff38bb9b21babf32d9057cd8768dca"

[conda-packages.linux-arm64-musl."libgcc-16.2.0-h205dda4_7"]
url = "https://conda.anaconda.org/conda-forge/linux-aarch64/libgcc-16.2.0-h205dda4_7.conda"
checksum = "sha256:eae7a3449d5a3b5351c5427137c076cc3fc826645c7bfc42dc10772b783826f1"

[conda-packages.linux-arm64-musl."libgomp-16.2.0-h8acb6b2_7"]
url = "https://conda.anaconda.org/conda-forge/linux-aarch64/libgomp-16.2.0-h8acb6b2_7.conda"
checksum = "sha256:4406fd67c5beeb99b9372f9bf07aa3e40ca141e337eceebac3ff64aa72799494"

[conda-packages.linux-arm64-musl."yaml-0.2.5-h29ee22c_3"]
url = "https://conda.anaconda.org/conda-forge/linux-aarch64/yaml-0.2.5-h29ee22c_3.conda"
checksum = "sha256:97e0fbe447c8f8bb1789047f37448062ebecda29bd264fcdf6129b8d08f174c9"

[conda-packages.linux-x64."_openmp_mutex-4.5-20_gnu"]
url = "https://conda.anaconda.org/conda-forge/linux-64/_openmp_mutex-4.5-20_gnu.conda"
checksum = "sha256:1dd3fffd892081df9726d7eb7e0dea6198962ba775bd88842135a4ddb4deb3c9"

[conda-packages.linux-x64."libfdt-1.7.2-h280c20c_6"]
url = "https://conda.anaconda.org/conda-forge/linux-64/libfdt-1.7.2-h280c20c_6.conda"
checksum = "sha256:c8a2e7f665daa78bdbe9d0112e36909134a127be76e94375882f351345822f8f"

[conda-packages.linux-x64."libgcc-16.2.0-ha9f2e26_7"]
url = "https://conda.anaconda.org/conda-forge/linux-64/libgcc-16.2.0-ha9f2e26_7.conda"
checksum = "sha256:e031634c3a928f9594eba868bc46ef5230d6571a364a0c63215b06c4563bfcea"

[conda-packages.linux-x64."libgomp-16.2.0-he0feb66_7"]
url = "https://conda.anaconda.org/conda-forge/linux-64/libgomp-16.2.0-he0feb66_7.conda"
checksum = "sha256:92a0bb350c7be6a4eedcb4e111c60aefd176018e6b1c009a6e025dbe9bbcd758"

[conda-packages.linux-x64."yaml-0.2.5-hebe6cf0_3"]
url = "https://conda.anaconda.org/conda-forge/linux-64/yaml-0.2.5-hebe6cf0_3.conda"
checksum = "sha256:d164dfa75ecd538f6fd68765defcc06aa875bc697b9b215362d79a2a73125dd0"

[conda-packages.linux-x64-musl."_openmp_mutex-4.5-20_gnu"]
url = "https://conda.anaconda.org/conda-forge/linux-64/_openmp_mutex-4.5-20_gnu.conda"
checksum = "sha256:1dd3fffd892081df9726d7eb7e0dea6198962ba775bd88842135a4ddb4deb3c9"

[conda-packages.linux-x64-musl."libfdt-1.7.2-h280c20c_6"]
url = "https://conda.anaconda.org/conda-forge/linux-64/libfdt-1.7.2-h280c20c_6.conda"
checksum = "sha256:c8a2e7f665daa78bdbe9d0112e36909134a127be76e94375882f351345822f8f"

[conda-packages.linux-x64-musl."libgcc-16.2.0-ha9f2e26_7"]
url = "https://conda.anaconda.org/conda-forge/linux-64/libgcc-16.2.0-ha9f2e26_7.conda"
checksum = "sha256:e031634c3a928f9594eba868bc46ef5230d6571a364a0c63215b06c4563bfcea"

[conda-packages.linux-x64-musl."libgomp-16.2.0-he0feb66_7"]
url = "https://conda.anaconda.org/conda-forge/linux-64/libgomp-16.2.0-he0feb66_7.conda"
checksum = "sha256:92a0bb350c7be6a4eedcb4e111c60aefd176018e6b1c009a6e025dbe9bbcd758"

[conda-packages.linux-x64-musl."yaml-0.2.5-hebe6cf0_3"]
url = "https://conda.anaconda.org/conda-forge/linux-64/yaml-0.2.5-hebe6cf0_3.conda"
checksum = "sha256:d164dfa75ecd538f6fd68765defcc06aa875bc697b9b215362d79a2a73125dd0"

[conda-packages.macos-arm64."libfdt-1.7.2-h1a92334_6"]
url = "https://conda.anaconda.org/conda-forge/osx-arm64/libfdt-1.7.2-h1a92334_6.conda"
checksum = "sha256:3d70cab206c81eb09108f1a259b9efecc996ff4d47f600af790e06fd3ce970d3"

[conda-packages.macos-arm64."yaml-0.2.5-h74c22ad_3"]
url = "https://conda.anaconda.org/conda-forge/osx-arm64/yaml-0.2.5-h74c22ad_3.conda"
checksum = "sha256:3e78c43207502418fc5fb2317bbbefe5df8b6fc1051d90bdcd1c881c76bb4193"

[conda-packages.macos-x64."libfdt-1.7.2-ha3d0635_6"]
url = "https://conda.anaconda.org/conda-forge/osx-64/libfdt-1.7.2-ha3d0635_6.conda"
checksum = "sha256:d5cb9886436cc1ca7db670579d749dfb8fae327904698f0395a23735e056fb80"

[conda-packages.macos-x64."yaml-0.2.5-had63097_3"]
url = "https://conda.anaconda.org/conda-forge/osx-64/yaml-0.2.5-had63097_3.conda"
checksum = "sha256:b63a29a5e4968b28c8403525549fd662de8ff5863e6287f89cfaac7d1d688ea0"

[[tools.cmake]]
version = "4.4.3"
backend = "aqua:Kitware/CMake"
specifiers = [
    "4.4.3",
    "latest",
]

[tools.cmake."platforms.linux-arm64"]
checksum = "sha256:2efc974dbd63b4444c0e8494b92f2e80c2d7e635b4b80eac2916985ddd8f72a6"
url = "https://github.com/Kitware/CMake/releases/download/v4.4.3/cmake-4.4.3-linux-aarch64.tar.gz"
url_api = "https://api.github.com/repos/Kitware/CMake/releases/assets/529577299"

[tools.cmake."platforms.linux-arm64-musl"]
checksum = "sha256:2efc974dbd63b4444c0e8494b92f2e80c2d7e635b4b80eac2916985ddd8f72a6"
url = "https://github.com/Kitware/CMake/releases/download/v4.4.3/cmake-4.4.3-linux-aarch64.tar.gz"
url_api = "https://api.github.com/repos/Kitware/CMake/releases/assets/529577299"

[tools.cmake."platforms.linux-x64"]
checksum = "sha256:d6c83076c575bc00b823522ac974bda66d0af05d6ddc30e739c12385cf32c6cc"
url = "https://github.com/Kitware/CMake/releases/download/v4.4.3/cmake-4.4.3-linux-x86_64.tar.gz"
url_api = "https://api.github.com/repos/Kitware/CMake/releases/assets/529577408"

[tools.cmake."platforms.linux-x64-musl"]
checksum = "sha256:d6c83076c575bc00b823522ac974bda66d0af05d6ddc30e739c12385cf32c6cc"
url = "https://github.com/Kitware/CMake/releases/download/v4.4.3/cmake-4.4.3-linux-x86_64.tar.gz"
url_api = "https://api.github.com/repos/Kitware/CMake/releases/assets/529577408"

[tools.cmake."platforms.macos-arm64"]
checksum = "sha256:0c5d65251c14cc884bfa16bdbed3c263ce5bffe2e21c0d0d00962cb0610464fa"
url = "https://github.com/Kitware/CMake/releases/download/v4.4.3/cmake-4.4.3-macos-universal.tar.gz"
url_api = "https://api.github.com/repos/Kitware/CMake/releases/assets/529577557"

[tools.cmake."platforms.macos-x64"]
checksum = "sha256:0c5d65251c14cc884bfa16bdbed3c263ce5bffe2e21c0d0d00962cb0610464fa"
url = "https://github.com/Kitware/CMake/releases/download/v4.4.3/cmake-4.4.3-macos-universal.tar.gz"
url_api = "https://api.github.com/repos/Kitware/CMake/releases/assets/529577557"

[tools.cmake."platforms.windows-x64"]
checksum = "sha256:4d52ebab7193a698651639ed80d8d04fd903358843572cf44c7fd234cb7c26ab"
url = "https://github.com/Kitware/CMake/releases/download/v4.4.3/cmake-4.4.3-windows-x86_64.zip"
url_api = "https://api.github.com/repos/Kitware/CMake/releases/assets/529578311"

[[tools."conda:dtc"]]
version = "1.7.2"
backend = "conda:dtc"
specifiers = [
    "1.7.2",
    "latest",
]

[tools."conda:dtc".options]
channel = "conda-forge"

[tools."conda:dtc"."platforms.linux-arm64"]
checksum = "sha256:feb7f8d994fe3b973d709e2b75e58317bd5a737880db4bf25dad0db0e13dfdb7"
url = "https://conda.anaconda.org/conda-forge/linux-aarch64/dtc-1.7.2-h80f16a2_6.conda"
conda_deps = [
    "libfdt-1.7.2-h80f16a2_6",
    "libgcc-16.2.0-h205dda4_7",
    "yaml-0.2.5-h29ee22c_3",
    "_openmp_mutex-4.5-20_gnu",
    "libgomp-16.2.0-h8acb6b2_7",
]

[tools."conda:dtc"."platforms.linux-arm64-musl"]
checksum = "sha256:feb7f8d994fe3b973d709e2b75e58317bd5a737880db4bf25dad0db0e13dfdb7"
url = "https://conda.anaconda.org/conda-forge/linux-aarch64/dtc-1.7.2-h80f16a2_6.conda"
conda_deps = [
    "libfdt-1.7.2-h80f16a2_6",
    "libgcc-16.2.0-h205dda4_7",
    "yaml-0.2.5-h29ee22c_3",
    "_openmp_mutex-4.5-20_gnu",
    "libgomp-16.2.0-h8acb6b2_7",
]

[tools."conda:dtc"."platforms.linux-x64"]
checksum = "sha256:43979c780845fe5fd6c91319595bb95b7cafe5efe371e420134d685d56e6020a"
url = "https://conda.anaconda.org/conda-forge/linux-64/dtc-1.7.2-h280c20c_6.conda"
conda_deps = [
    "libfdt-1.7.2-h280c20c_6",
    "libgcc-16.2.0-ha9f2e26_7",
    "yaml-0.2.5-hebe6cf0_3",
    "_openmp_mutex-4.5-20_gnu",
    "libgomp-16.2.0-he0feb66_7",
]

[tools."conda:dtc"."platforms.linux-x64-musl"]
checksum = "sha256:43979c780845fe5fd6c91319595bb95b7cafe5efe371e420134d685d56e6020a"
url = "https://conda.anaconda.org/conda-forge/linux-64/dtc-1.7.2-h280c20c_6.conda"
conda_deps = [
    "libfdt-1.7.2-h280c20c_6",
    "libgcc-16.2.0-ha9f2e26_7",
    "yaml-0.2.5-hebe6cf0_3",
    "_openmp_mutex-4.5-20_gnu",
    "libgomp-16.2.0-he0feb66_7",
]

[tools."conda:dtc"."platforms.macos-arm64"]
checksum = "sha256:fc6ae5f96e336dd3c58379f75ff2d1a7a334e8e4d6d59e5ad3ad28e461dd7a2f"
url = "https://conda.anaconda.org/conda-forge/osx-arm64/dtc-1.7.2-h1a92334_6.conda"
conda_deps = [
    "libfdt-1.7.2-h1a92334_6",
    "yaml-0.2.5-h74c22ad_3",
]

[tools."conda:dtc"."platforms.macos-x64"]
checksum = "sha256:8003bce71633fa7386297e45e022dfb5be712e402ec31956f063d3c09543e0a0"
url = "https://conda.anaconda.org/conda-forge/osx-64/dtc-1.7.2-ha3d0635_6.conda"
conda_deps = [
    "libfdt-1.7.2-ha3d0635_6",
    "yaml-0.2.5-had63097_3",
]

[[tools.just]]
version = "1.42.3"
backend = "aqua:casey/just"
specifiers = ["latest"]

[tools.just."platforms.linux-arm64"]
checksum = "sha256:e09a503ae877416d6fe2156009140e7e7deb95f897095b24a1d7150146390e65"
url = "https://github.com/casey/just/releases/download/1.42.3/just-1.42.3-aarch64-unknown-linux-musl.tar.gz"
url_api = "https://api.github.com/repos/casey/just/releases/assets/274289371"

[tools.just."platforms.linux-arm64-musl"]
checksum = "sha256:e09a503ae877416d6fe2156009140e7e7deb95f897095b24a1d7150146390e65"
url = "https://github.com/casey/just/releases/download/1.42.3/just-1.42.3-aarch64-unknown-linux-musl.tar.gz"
url_api = "https://api.github.com/repos/casey/just/releases/assets/274289371"

[tools.just."platforms.linux-x64"]
checksum = "sha256:675cdb913c698a7888bbaac74d65619f636686bca7ebfb90d2bd274252231a47"
url = "https://github.com/casey/just/releases/download/1.42.3/just-1.42.3-x86_64-unknown-linux-musl.tar.gz"
url_api = "https://api.github.com/repos/casey/just/releases/assets/274289205"

[tools.just."platforms.linux-x64-musl"]
checksum = "sha256:675cdb913c698a7888bbaac74d65619f636686bca7ebfb90d2bd274252231a47"
url = "https://github.com/casey/just/releases/download/1.42.3/just-1.42.3-x86_64-unknown-linux-musl.tar.gz"
url_api = "https://api.github.com/repos/casey/just/releases/assets/274289205"

[tools.just."platforms.macos-arm64"]
checksum = "sha256:3d4bf2d11a0663b3b53f2b4aed32215ee79a98ddf0f955f8061e6ba5a8cb3f0e"
url = "https://github.com/casey/just/releases/download/1.42.3/just-1.42.3-aarch64-apple-darwin.tar.gz"
url_api = "https://api.github.com/repos/casey/just/releases/assets/274289180"

[tools.just."platforms.macos-x64"]
checksum = "sha256:04e9bf1aef9a737bcada6ed0e042126426eaa6bd3c1d3b3cdb7069106e91ccba"
url = "https://github.com/casey/just/releases/download/1.42.3/just-1.42.3-x86_64-apple-darwin.tar.gz"
url_api = "https://api.github.com/repos/casey/just/releases/assets/274289190"

[tools.just."platforms.windows-x64"]
checksum = "sha256:4e21f40075212f22bd85f31871982105110c5dd02504c354904f56d7de8650c8"
url = "https://github.com/casey/just/releases/download/1.42.3/just-1.42.3-x86_64-pc-windows-msvc.zip"
url_api = "https://api.github.com/repos/casey/just/releases/assets/274289404"

[[tools.ninja]]
version = "1.13.1"
backend = "aqua:ninja-build/ninja"
specifiers = ["latest"]

[tools.ninja."platforms.linux-arm64"]
checksum = "sha256:740f1b9f9d8ae68438240a6a2f3f7a27fc8b1946d2024a6a6b25857ee877987b"
url = "https://github.com/ninja-build/ninja/releases/download/v1.13.1/ninja-linux-aarch64.zip"
url_api = "https://api.github.com/repos/ninja-build/ninja/releases/assets/271797959"

[tools.ninja."platforms.linux-arm64-musl"]
checksum = "sha256:740f1b9f9d8ae68438240a6a2f3f7a27fc8b1946d2024a6a6b25857ee877987b"
url = "https://github.com/ninja-build/ninja/releases/download/v1.13.1/ninja-linux-aarch64.zip"
url_api = "https://api.github.com/repos/ninja-build/ninja/releases/assets/271797959"

[tools.ninja."platforms.linux-x64"]
checksum = "sha256:0830252db77884957a1a4b87b05a1e2d9b5f658b8367f82999a941884cbe0238"
url = "https://github.com/ninja-build/ninja/releases/download/v1.13.1/ninja-linux.zip"
url_api = "https://api.github.com/repos/ninja-build/ninja/releases/assets/271798308"

[tools.ninja."platforms.linux-x64-musl"]
checksum = "sha256:0830252db77884957a1a4b87b05a1e2d9b5f658b8367f82999a941884cbe0238"
url = "https://github.com/ninja-build/ninja/releases/download/v1.13.1/ninja-linux.zip"
url_api = "https://api.github.com/repos/ninja-build/ninja/releases/assets/271798308"

[tools.ninja."platforms.macos-arm64"]
checksum = "sha256:da7797794153629aca5570ef7c813342d0be214ba84632af886856e8f0063dd9"
url = "https://github.com/ninja-build/ninja/releases/download/v1.13.1/ninja-mac.zip"
url_api = "https://api.github.com/repos/ninja-build/ninja/releases/assets/271797816"

[tools.ninja."platforms.macos-x64"]
checksum = "sha256:da7797794153629aca5570ef7c813342d0be214ba84632af886856e8f0063dd9"
url = "https://github.com/ninja-build/ninja/releases/download/v1.13.1/ninja-mac.zip"
url_api = "https://api.github.com/repos/ninja-build/ninja/releases/assets/271797816"

[tools.ninja."platforms.windows-x64"]
checksum = "sha256:26a40fa8595694dec2fad4911e62d29e10525d2133c9a4230b66397774ae25bf"
url = "https://github.com/ninja-build/ninja/releases/download/v1.13.1/ninja-win.zip"
url_api = "https://api.github.com/repos/ninja-build/ninja/releases/assets/271797607"

[[tools.python]]
version = "3.11.13"
backend = "core:python"
specifiers = ["3.11"]

[tools.python."platforms.linux-arm64"]
checksum = "sha256:5b08be545d415a562caeab61255e5583935b33caf21c6eafabb4ea7db87239b2"
url = "https://github.com/astral-sh/python-build-standalone/releases/download/20251007/cpython-3.11.13+20251007-aarch64-unknown-linux-gnu-install_only_stripped.tar.gz"
provenance = "github-attestations"

[tools.python."platforms.linux-arm64-musl"]
checksum = "sha256:91c7e169e18a12e7c643ba6a6fe8333c8681bdfa553d9fc2404704e247b2f842"
url = "https://github.com/astral-sh/python-build-standalone/releases/download/20251007/cpython-3.11.13+20251007-aarch64-unknown-linux-musl-install_only_stripped.tar.gz"
provenance = "github-attestations"

[tools.python."platforms.linux-x64"]
checksum = "sha256:43bfc42529843ecd1d9c08c4a239ede348f96ff0acaef2ec24b28dc059f4f0c3"
url = "https://github.com/astral-sh/python-build-standalone/releases/download/20251007/cpython-3.11.13+20251007-x86_64-unknown-linux-gnu-install_only_stripped.tar.gz"
provenance = "github-attestations"

[tools.python."platforms.linux-x64-musl"]
checksum = "sha256:a7c1a4f125c130e7249b962412205ed05fef268ac0bbdc59d52f7f2d8730f6ec"
url = "https://github.com/astral-sh/python-build-standalone/releases/download/20251007/cpython-3.11.13+20251007-x86_64-unknown-linux-musl-install_only_stripped.tar.gz"
provenance = "github-attestations"

[tools.python."platforms.macos-arm64"]
checksum = "sha256:78bc6defdc1dac5bf6765c8f938e6849383dbed831ea1e2d11576a4683fb1e8c"
url = "https://github.com/astral-sh/python-build-standalone/releases/download/20251007/cpython-3.11.13+20251007-aarch64-apple-darwin-install_only_stripped.tar.gz"
provenance = "github-attestations"

[tools.python."platforms.macos-x64"]
checksum = "sha256:af2e93876eb643e71df9ca9210d23ff30127ef01f3213aab7d7b326c17df7e12"
url = "https://github.com/astral-sh/python-build-standalone/releases/download/20251007/cpython-3.11.13+20251007-x86_64-apple-darwin-install_only_stripped.tar.gz"
provenance = "github-attestations"

[tools.python."platforms.windows-x64"]
checksum = "sha256:cde5153f59a67d9e108f2ed964526e9aed100eba180f54bee0496b4fd73a8b29"
url = "https://github.com/astral-sh/python-build-standalone/releases/download/20251007/cpython-3.11.13+20251007-x86_64-pc-windows-msvc-install_only_stripped.tar.gz"
provenance = "github-attestations"
